
Microsoft Visual Studio Solution File, Format Version 12.00
# Visual Studio 15
VisualStudioVersion = 15.0.27703.2026
MinimumVisualStudioVersion = 10.0.40219.1
Project("{9A19103F-16F7-4668-BE54-9A1E7A4F7556}") = "TicTacToe", "TicTacToe\TicTacToe.csproj", "{1B5EBE75-C31A-4A6F-BBF2-DBBEE58EBA3D}"
EndProject
Project("{FAE04EC0-301F-11D3-BF4B-00C04F79EFBC}") = "TicTacToeTests", "TicTacToeTests\TicTacToeTests.csproj", "{598C610B-A635-4F6B-9E93-6E48D57BA813}"
EndProject
Global
	GlobalSection(SolutionConfigurationPlatforms) = preSolution
		Debug|Any CPU = Debug|Any CPU
		Release|Any CPU = Release|Any CPU
	EndGlobalSection
	GlobalSection(ProjectConfigurationPlatforms) = postSolution
		{1B5EBE75-C31A-4A6F-BBF2-DBBEE58EBA3D}.Debug|Any CPU.ActiveCfg = Debug|Any CPU
		{1B5EBE75-C31A-4A6F-BBF2-DBBEE58EBA3D}.Debug|Any CPU.Build.0 = Debug|Any CPU
		{1B5EBE75-C31A-4A6F-BBF2-DBBEE58EBA3D}.Release|Any CPU.ActiveCfg = Release|Any CPU
		{1B5EBE75-C31A-4A6F-BBF2-DBBEE58EBA3D}.Release|Any CPU.Build.0 = Release|Any CPU
		{598C610B-A635-4F6B-9E93-6E48D57BA813}.Debug|Any CPU.ActiveCfg = Debug|Any CPU
		{598C610B-A635-4F6B-9E93-6E48D57BA813}.Debug|Any CPU.Build.0 = Debug|Any CPU
		{598C610B-A635-4F6B-9E93-6E48D57BA813}.Release|Any CPU.ActiveCfg = Release|Any CPU
		{598C610B-A635-4F6B-9E93-6E48D57BA813}.Release|Any CPU.Build.0 = Release|Any CPU
	EndGlobalSection
	GlobalSection(SolutionProperties) = preSolution
		HideSolutionNode = FALSE
	EndGlobalSection
	GlobalSection(ExtensibilityGlobals) = postSolution
		SolutionGuid = {A7FE1994-6C6B-47BA-8333-5C4F56114C1E}
	EndGlobalSection
EndGlobal
